
Microsoft Visual Studio Solution File, Format Version 12.00
# Visual Studio Version 17
VisualStudioVersion = 17.8.34330.188
MinimumVisualStudioVersion = 10.0.40219.1
Project("{FAE04EC0-301F-11D3-BF4B-00C04F79EFBC}") = "HelloWorld", "HelloWorld\HelloWorld.csproj", "{A6212DB3-2CC9-490A-8189-8589BAC48E27}"
EndProject
Global
	GlobalSection(SolutionConfigurationPlatforms) = preSolution
		Debug|Any CPU = Debug|Any CPU
		Release|Any CPU = Release|Any CPU
	EndGlobalSection
	GlobalSection(ProjectConfigurationPlatforms) = postSolution
		{A6212DB3-2CC9-490A-8189-8589BAC48E27}.Debug|Any CPU.ActiveCfg = Debug|Any CPU
		{A6212DB3-2CC9-490A-8189-8589BAC48E27}.Debug|Any CPU.Build.0 = Debug|Any CPU
		{A6212DB3-2CC9-490A-8189-8589BAC48E27}.Release|Any CPU.ActiveCfg = Release|Any CPU
		{A6212DB3-2CC9-490A-8189-8589BAC48E27}.Release|Any CPU.Build.0 = Release|Any CPU
	EndGlobalSection
	GlobalSection(SolutionProperties) = preSolution
		HideSolutionNode = FALSE
	EndGlobalSection
	GlobalSection(ExtensibilityGlobals) = postSolution
		SolutionGuid = {7D128C0E-8D5F-44B9-BA85-753C843C5BC3}
	EndGlobalSection
EndGlobal
