
Microsoft Visual Studio Solution File, Format Version 12.00
# Visual Studio Version 17
VisualStudioVersion = 17.8.34330.188
MinimumVisualStudioVersion = 10.0.40219.1
Project("{FAE04EC0-301F-11D3-BF4B-00C04F79EFBC}") = "HelloWorld", "HelloWorld\HelloWorld.csproj", "{A6212DB3-2CC9-490A-8189-8589BAC48E27}"
EndProject
Project("{FAE04EC0-301F-11D3-BF4B-00C04F79EFBC}") = "Summation of Two Numbers", "..\Summation of Two Numbers\Summation of Two Numbers.csproj", "{1372BC1D-6132-4EC4-8789-08CAF7FD3E39}"
EndProject
Project("{FAE04EC0-301F-11D3-BF4B-00C04F79EFBC}") = "Multiplication of Two Number", "Multiplication of Two Number\Multiplication of Two Number.csproj", "{520B2FE5-CFF4-4CD4-B433-BA7F256A7199}"
EndProject
Project("{FAE04EC0-301F-11D3-BF4B-00C04F79EFBC}") = "Multiplicatin and Division", "..\Multiplicatin and Division\Multiplicatin and Division.csproj", "{E4A48199-B71C-4D16-975E-4569DDD46AA9}"
EndProject
Project("{FAE04EC0-301F-11D3-BF4B-00C04F79EFBC}") = "Data Types", "..\Data Types\Data Types.csproj", "{27F9C5E7-3EEA-4F62-82D5-A9C06664811E}"
EndProject
Project("{FAE04EC0-301F-11D3-BF4B-00C04F79EFBC}") = "Float Data Types", "..\Float Data Types\Float Data Types.csproj", "{22A3E3B5-F047-45B6-867C-E4FF50774605}"
EndProject
Project("{FAE04EC0-301F-11D3-BF4B-00C04F79EFBC}") = "Double Data Type", "..\Double Data Type\Double Data Type.csproj", "{FEF7FB05-5CC1-46A9-BF0C-3F3E700C1C12}"
EndProject
Project("{FAE04EC0-301F-11D3-BF4B-00C04F79EFBC}") = "Variables", "..\Variables\Variables.csproj", "{6F2E5ACA-38C7-4939-A9D2-51F706BD2C25}"
EndProject
Project("{9A19103F-16F7-4668-BE54-9A1E7A4F7556}") = "Decisions", "..\Decisions\Decisions.csproj", "{98B514EC-33A0-45C1-AA1A-9AF190FAF7E0}"
EndProject
Project("{FAE04EC0-301F-11D3-BF4B-00C04F79EFBC}") = "else_If_statement", "..\else_If_statement\else_If_statement.csproj", "{EDA4BEAD-CF0F-45E9-A0A6-236CBB39BA96}"
EndProject
Project("{FAE04EC0-301F-11D3-BF4B-00C04F79EFBC}") = "OperatorsExpressionsStatements", "..\OperatorsExpressionsStatements\OperatorsExpressionsStatements.csproj", "{966DCDB8-D091-4240-B5E5-542AA940B9B5}"
EndProject
Project("{FAE04EC0-301F-11D3-BF4B-00C04F79EFBC}") = "ForLoop", "..\ForLoop\ForLoop.csproj", "{17DFA3D8-9817-4C56-B429-3867B121E312}"
EndProject
Project("{FAE04EC0-301F-11D3-BF4B-00C04F79EFBC}") = "UnderstandingArray", "..\UnderstandingArray\UnderstandingArray.csproj", "{5B3E89D9-FD77-450C-847A-A329F31939A7}"
EndProject
Project("{FAE04EC0-301F-11D3-BF4B-00C04F79EFBC}") = "SimpleMethod", "..\SimpleMethod\SimpleMethod.csproj", "{2D30C65D-6BA6-4DCA-A076-3B8D3421485B}"
EndProject
Project("{FAE04EC0-301F-11D3-BF4B-00C04F79EFBC}") = "WhileIteration", "..\WhileIteration\WhileIteration.csproj", "{4B35FB46-D762-4658-B56D-7B40DA982852}"
EndProject
Project("{FAE04EC0-301F-11D3-BF4B-00C04F79EFBC}") = "WorkingWithString", "..\WorkingWithString\WorkingWithString.csproj", "{A70EC2B2-3AC2-47FE-8CCA-159A3AEBE0A1}"
EndProject
Project("{FAE04EC0-301F-11D3-BF4B-00C04F79EFBC}") = "DatesAndTimes", "..\DatesAndTimes\DatesAndTimes.csproj", "{1E5840D1-E850-401C-AE59-C2D67EFE2D0C}"
EndProject
Project("{FAE04EC0-301F-11D3-BF4B-00C04F79EFBC}") = "SimpleClass", "..\SimpleClass\SimpleClass.csproj", "{EB3C0DEE-894D-4A53-9B57-87F373849BE2}"
EndProject
Project("{FAE04EC0-301F-11D3-BF4B-00C04F79EFBC}") = "SimpleAnotherClass", "..\SimpleAnotherClass\SimpleAnotherClass.csproj", "{9DE3682E-3933-4741-A336-404415FFD02B}"
EndProject
Project("{FAE04EC0-301F-11D3-BF4B-00C04F79EFBC}") = "IfElseProgram", "..\IfElseProgram\IfElseProgram.csproj", "{FAFEEBF2-8115-4311-B44E-45295A5CB905}"
EndProject
Project("{FAE04EC0-301F-11D3-BF4B-00C04F79EFBC}") = "ObjectLifetime", "..\ObjectLifetime\ObjectLifetime.csproj", "{542764BB-FB89-45B2-934E-C0C97F609090}"
EndProject
Project("{FAE04EC0-301F-11D3-BF4B-00C04F79EFBC}") = "InputandOutput", "..\InputandOutput\InputandOutput.csproj", "{AFF4A7EC-E75E-4FDB-9D8C-B0497132F09C}"
EndProject
Project("{FAE04EC0-301F-11D3-BF4B-00C04F79EFBC}") = "SimpleLoop", "..\SimpleLoop\SimpleLoop.csproj", "{D63CD379-EEAB-4F92-8E28-774EF2238789}"
EndProject
Project("{FAE04EC0-301F-11D3-BF4B-00C04F79EFBC}") = "UnderstandingScope", "..\UnderstandingScope\UnderstandingScope.csproj", "{A2E4457C-1E44-4B1F-A159-351AB69FA002}"
EndProject
Project("{FAE04EC0-301F-11D3-BF4B-00C04F79EFBC}") = "StringINputOutput", "..\StringINputOutput\StringINputOutput.csproj", "{9E5454F3-3FBE-4F56-A855-E712CBCD767B}"
EndProject
Project("{FAE04EC0-301F-11D3-BF4B-00C04F79EFBC}") = "AssembliesAndNamespaces", "..\AssembliesAndNamespaces\AssembliesAndNamespaces.csproj", "{14C666D8-6F6B-48F3-9254-C39DDD12D6B3}"
EndProject
Project("{FAE04EC0-301F-11D3-BF4B-00C04F79EFBC}") = "MathOperations", "..\MathOperations\MathOperations.csproj", "{44AE6F11-CF1F-41C2-8520-05BB8EB89DC9}"
EndProject
Project("{FAE04EC0-301F-11D3-BF4B-00C04F79EFBC}") = "StringandDiscussion", "..\ConsoleApp1\StringandDiscussion.csproj", "{C04C4915-946C-436A-9B45-2AD48DF8B2E5}"
EndProject
Project("{FAE04EC0-301F-11D3-BF4B-00C04F79EFBC}") = "WorkingWithCollections", "..\WorkingWithCollections\WorkingWithCollections.csproj", "{317022BC-CE5B-46D1-966C-2973C18F169F}"
EndProject
Project("{FAE04EC0-301F-11D3-BF4B-00C04F79EFBC}") = "StringLearning", "..\StringLearning\StringLearning.csproj", "{B09468CE-3A81-45FB-9C17-87B79184C894}"
EndProject
Project("{FAE04EC0-301F-11D3-BF4B-00C04F79EFBC}") = "SwitchStatement", "..\SwitchStatement\SwitchStatement.csproj", "{AE81C74E-B69B-495E-B204-0FB1D3FDCBD5}"
EndProject
Project("{FAE04EC0-301F-11D3-BF4B-00C04F79EFBC}") = "LoopsStatment", "..\LoopsStatment\LoopsStatment.csproj", "{D8A3C591-6F8F-435C-B926-59449DEEF403}"
EndProject
Project("{FAE04EC0-301F-11D3-BF4B-00C04F79EFBC}") = "Methods", "..\Methods\Methods.csproj", "{A66E6D4F-30A0-49AB-87FF-A5987508782C}"
EndProject
Global
	GlobalSection(SolutionConfigurationPlatforms) = preSolution
		Debug|Any CPU = Debug|Any CPU
		Release|Any CPU = Release|Any CPU
	EndGlobalSection
	GlobalSection(ProjectConfigurationPlatforms) = postSolution
		{A6212DB3-2CC9-490A-8189-8589BAC48E27}.Debug|Any CPU.ActiveCfg = Debug|Any CPU
		{A6212DB3-2CC9-490A-8189-8589BAC48E27}.Debug|Any CPU.Build.0 = Debug|Any CPU
		{A6212DB3-2CC9-490A-8189-8589BAC48E27}.Release|Any CPU.ActiveCfg = Release|Any CPU
		{A6212DB3-2CC9-490A-8189-8589BAC48E27}.Release|Any CPU.Build.0 = Release|Any CPU
		{1372BC1D-6132-4EC4-8789-08CAF7FD3E39}.Debug|Any CPU.ActiveCfg = Debug|Any CPU
		{1372BC1D-6132-4EC4-8789-08CAF7FD3E39}.Debug|Any CPU.Build.0 = Debug|Any CPU
		{1372BC1D-6132-4EC4-8789-08CAF7FD3E39}.Release|Any CPU.ActiveCfg = Release|Any CPU
		{1372BC1D-6132-4EC4-8789-08CAF7FD3E39}.Release|Any CPU.Build.0 = Release|Any CPU
		{520B2FE5-CFF4-4CD4-B433-BA7F256A7199}.Debug|Any CPU.ActiveCfg = Debug|Any CPU
		{520B2FE5-CFF4-4CD4-B433-BA7F256A7199}.Debug|Any CPU.Build.0 = Debug|Any CPU
		{520B2FE5-CFF4-4CD4-B433-BA7F256A7199}.Release|Any CPU.ActiveCfg = Release|Any CPU
		{520B2FE5-CFF4-4CD4-B433-BA7F256A7199}.Release|Any CPU.Build.0 = Release|Any CPU
		{E4A48199-B71C-4D16-975E-4569DDD46AA9}.Debug|Any CPU.ActiveCfg = Debug|Any CPU
		{E4A48199-B71C-4D16-975E-4569DDD46AA9}.Debug|Any CPU.Build.0 = Debug|Any CPU
		{E4A48199-B71C-4D16-975E-4569DDD46AA9}.Release|Any CPU.ActiveCfg = Release|Any CPU
		{E4A48199-B71C-4D16-975E-4569DDD46AA9}.Release|Any CPU.Build.0 = Release|Any CPU
		{27F9C5E7-3EEA-4F62-82D5-A9C06664811E}.Debug|Any CPU.ActiveCfg = Debug|Any CPU
		{27F9C5E7-3EEA-4F62-82D5-A9C06664811E}.Debug|Any CPU.Build.0 = Debug|Any CPU
		{27F9C5E7-3EEA-4F62-82D5-A9C06664811E}.Release|Any CPU.ActiveCfg = Release|Any CPU
		{27F9C5E7-3EEA-4F62-82D5-A9C06664811E}.Release|Any CPU.Build.0 = Release|Any CPU
		{22A3E3B5-F047-45B6-867C-E4FF50774605}.Debug|Any CPU.ActiveCfg = Debug|Any CPU
		{22A3E3B5-F047-45B6-867C-E4FF50774605}.Debug|Any CPU.Build.0 = Debug|Any CPU
		{22A3E3B5-F047-45B6-867C-E4FF50774605}.Release|Any CPU.ActiveCfg = Release|Any CPU
		{22A3E3B5-F047-45B6-867C-E4FF50774605}.Release|Any CPU.Build.0 = Release|Any CPU
		{FEF7FB05-5CC1-46A9-BF0C-3F3E700C1C12}.Debug|Any CPU.ActiveCfg = Debug|Any CPU
		{FEF7FB05-5CC1-46A9-BF0C-3F3E700C1C12}.Debug|Any CPU.Build.0 = Debug|Any CPU
		{FEF7FB05-5CC1-46A9-BF0C-3F3E700C1C12}.Release|Any CPU.ActiveCfg = Release|Any CPU
		{FEF7FB05-5CC1-46A9-BF0C-3F3E700C1C12}.Release|Any CPU.Build.0 = Release|Any CPU
		{6F2E5ACA-38C7-4939-A9D2-51F706BD2C25}.Debug|Any CPU.ActiveCfg = Debug|Any CPU
		{6F2E5ACA-38C7-4939-A9D2-51F706BD2C25}.Debug|Any CPU.Build.0 = Debug|Any CPU
		{6F2E5ACA-38C7-4939-A9D2-51F706BD2C25}.Release|Any CPU.ActiveCfg = Release|Any CPU
		{6F2E5ACA-38C7-4939-A9D2-51F706BD2C25}.Release|Any CPU.Build.0 = Release|Any CPU
		{98B514EC-33A0-45C1-AA1A-9AF190FAF7E0}.Debug|Any CPU.ActiveCfg = Debug|Any CPU
		{98B514EC-33A0-45C1-AA1A-9AF190FAF7E0}.Debug|Any CPU.Build.0 = Debug|Any CPU
		{98B514EC-33A0-45C1-AA1A-9AF190FAF7E0}.Release|Any CPU.ActiveCfg = Release|Any CPU
		{98B514EC-33A0-45C1-AA1A-9AF190FAF7E0}.Release|Any CPU.Build.0 = Release|Any CPU
		{EDA4BEAD-CF0F-45E9-A0A6-236CBB39BA96}.Debug|Any CPU.ActiveCfg = Debug|Any CPU
		{EDA4BEAD-CF0F-45E9-A0A6-236CBB39BA96}.Debug|Any CPU.Build.0 = Debug|Any CPU
		{EDA4BEAD-CF0F-45E9-A0A6-236CBB39BA96}.Release|Any CPU.ActiveCfg = Release|Any CPU
		{EDA4BEAD-CF0F-45E9-A0A6-236CBB39BA96}.Release|Any CPU.Build.0 = Release|Any CPU
		{966DCDB8-D091-4240-B5E5-542AA940B9B5}.Debug|Any CPU.ActiveCfg = Debug|Any CPU
		{966DCDB8-D091-4240-B5E5-542AA940B9B5}.Debug|Any CPU.Build.0 = Debug|Any CPU
		{966DCDB8-D091-4240-B5E5-542AA940B9B5}.Release|Any CPU.ActiveCfg = Release|Any CPU
		{966DCDB8-D091-4240-B5E5-542AA940B9B5}.Release|Any CPU.Build.0 = Release|Any CPU
		{17DFA3D8-9817-4C56-B429-3867B121E312}.Debug|Any CPU.ActiveCfg = Debug|Any CPU
		{17DFA3D8-9817-4C56-B429-3867B121E312}.Debug|Any CPU.Build.0 = Debug|Any CPU
		{17DFA3D8-9817-4C56-B429-3867B121E312}.Release|Any CPU.ActiveCfg = Release|Any CPU
		{17DFA3D8-9817-4C56-B429-3867B121E312}.Release|Any CPU.Build.0 = Release|Any CPU
		{5B3E89D9-FD77-450C-847A-A329F31939A7}.Debug|Any CPU.ActiveCfg = Debug|Any CPU
		{5B3E89D9-FD77-450C-847A-A329F31939A7}.Debug|Any CPU.Build.0 = Debug|Any CPU
		{5B3E89D9-FD77-450C-847A-A329F31939A7}.Release|Any CPU.ActiveCfg = Release|Any CPU
		{5B3E89D9-FD77-450C-847A-A329F31939A7}.Release|Any CPU.Build.0 = Release|Any CPU
		{2D30C65D-6BA6-4DCA-A076-3B8D3421485B}.Debug|Any CPU.ActiveCfg = Debug|Any CPU
		{2D30C65D-6BA6-4DCA-A076-3B8D3421485B}.Debug|Any CPU.Build.0 = Debug|Any CPU
		{2D30C65D-6BA6-4DCA-A076-3B8D3421485B}.Release|Any CPU.ActiveCfg = Release|Any CPU
		{2D30C65D-6BA6-4DCA-A076-3B8D3421485B}.Release|Any CPU.Build.0 = Release|Any CPU
		{4B35FB46-D762-4658-B56D-7B40DA982852}.Debug|Any CPU.ActiveCfg = Debug|Any CPU
		{4B35FB46-D762-4658-B56D-7B40DA982852}.Debug|Any CPU.Build.0 = Debug|Any CPU
		{4B35FB46-D762-4658-B56D-7B40DA982852}.Release|Any CPU.ActiveCfg = Release|Any CPU
		{4B35FB46-D762-4658-B56D-7B40DA982852}.Release|Any CPU.Build.0 = Release|Any CPU
		{A70EC2B2-3AC2-47FE-8CCA-159A3AEBE0A1}.Debug|Any CPU.ActiveCfg = Debug|Any CPU
		{A70EC2B2-3AC2-47FE-8CCA-159A3AEBE0A1}.Debug|Any CPU.Build.0 = Debug|Any CPU
		{A70EC2B2-3AC2-47FE-8CCA-159A3AEBE0A1}.Release|Any CPU.ActiveCfg = Release|Any CPU
		{A70EC2B2-3AC2-47FE-8CCA-159A3AEBE0A1}.Release|Any CPU.Build.0 = Release|Any CPU
		{1E5840D1-E850-401C-AE59-C2D67EFE2D0C}.Debug|Any CPU.ActiveCfg = Debug|Any CPU
		{1E5840D1-E850-401C-AE59-C2D67EFE2D0C}.Debug|Any CPU.Build.0 = Debug|Any CPU
		{1E5840D1-E850-401C-AE59-C2D67EFE2D0C}.Release|Any CPU.ActiveCfg = Release|Any CPU
		{1E5840D1-E850-401C-AE59-C2D67EFE2D0C}.Release|Any CPU.Build.0 = Release|Any CPU
		{EB3C0DEE-894D-4A53-9B57-87F373849BE2}.Debug|Any CPU.ActiveCfg = Debug|Any CPU
		{EB3C0DEE-894D-4A53-9B57-87F373849BE2}.Debug|Any CPU.Build.0 = Debug|Any CPU
		{EB3C0DEE-894D-4A53-9B57-87F373849BE2}.Release|Any CPU.ActiveCfg = Release|Any CPU
		{EB3C0DEE-894D-4A53-9B57-87F373849BE2}.Release|Any CPU.Build.0 = Release|Any CPU
		{9DE3682E-3933-4741-A336-404415FFD02B}.Debug|Any CPU.ActiveCfg = Debug|Any CPU
		{9DE3682E-3933-4741-A336-404415FFD02B}.Debug|Any CPU.Build.0 = Debug|Any CPU
		{9DE3682E-3933-4741-A336-404415FFD02B}.Release|Any CPU.ActiveCfg = Release|Any CPU
		{9DE3682E-3933-4741-A336-404415FFD02B}.Release|Any CPU.Build.0 = Release|Any CPU
		{FAFEEBF2-8115-4311-B44E-45295A5CB905}.Debug|Any CPU.ActiveCfg = Debug|Any CPU
		{FAFEEBF2-8115-4311-B44E-45295A5CB905}.Debug|Any CPU.Build.0 = Debug|Any CPU
		{FAFEEBF2-8115-4311-B44E-45295A5CB905}.Release|Any CPU.ActiveCfg = Release|Any CPU
		{FAFEEBF2-8115-4311-B44E-45295A5CB905}.Release|Any CPU.Build.0 = Release|Any CPU
		{542764BB-FB89-45B2-934E-C0C97F609090}.Debug|Any CPU.ActiveCfg = Debug|Any CPU
		{542764BB-FB89-45B2-934E-C0C97F609090}.Debug|Any CPU.Build.0 = Debug|Any CPU
		{542764BB-FB89-45B2-934E-C0C97F609090}.Release|Any CPU.ActiveCfg = Release|Any CPU
		{542764BB-FB89-45B2-934E-C0C97F609090}.Release|Any CPU.Build.0 = Release|Any CPU
		{AFF4A7EC-E75E-4FDB-9D8C-B0497132F09C}.Debug|Any CPU.ActiveCfg = Debug|Any CPU
		{AFF4A7EC-E75E-4FDB-9D8C-B0497132F09C}.Debug|Any CPU.Build.0 = Debug|Any CPU
		{AFF4A7EC-E75E-4FDB-9D8C-B0497132F09C}.Release|Any CPU.ActiveCfg = Release|Any CPU
		{AFF4A7EC-E75E-4FDB-9D8C-B0497132F09C}.Release|Any CPU.Build.0 = Release|Any CPU
		{D63CD379-EEAB-4F92-8E28-774EF2238789}.Debug|Any CPU.ActiveCfg = Debug|Any CPU
		{D63CD379-EEAB-4F92-8E28-774EF2238789}.Debug|Any CPU.Build.0 = Debug|Any CPU
		{D63CD379-EEAB-4F92-8E28-774EF2238789}.Release|Any CPU.ActiveCfg = Release|Any CPU
		{D63CD379-EEAB-4F92-8E28-774EF2238789}.Release|Any CPU.Build.0 = Release|Any CPU
		{A2E4457C-1E44-4B1F-A159-351AB69FA002}.Debug|Any CPU.ActiveCfg = Debug|Any CPU
		{A2E4457C-1E44-4B1F-A159-351AB69FA002}.Debug|Any CPU.Build.0 = Debug|Any CPU
		{A2E4457C-1E44-4B1F-A159-351AB69FA002}.Release|Any CPU.ActiveCfg = Release|Any CPU
		{A2E4457C-1E44-4B1F-A159-351AB69FA002}.Release|Any CPU.Build.0 = Release|Any CPU
		{9E5454F3-3FBE-4F56-A855-E712CBCD767B}.Debug|Any CPU.ActiveCfg = Debug|Any CPU
		{9E5454F3-3FBE-4F56-A855-E712CBCD767B}.Debug|Any CPU.Build.0 = Debug|Any CPU
		{9E5454F3-3FBE-4F56-A855-E712CBCD767B}.Release|Any CPU.ActiveCfg = Release|Any CPU
		{9E5454F3-3FBE-4F56-A855-E712CBCD767B}.Release|Any CPU.Build.0 = Release|Any CPU
		{14C666D8-6F6B-48F3-9254-C39DDD12D6B3}.Debug|Any CPU.ActiveCfg = Debug|Any CPU
		{14C666D8-6F6B-48F3-9254-C39DDD12D6B3}.Debug|Any CPU.Build.0 = Debug|Any CPU
		{14C666D8-6F6B-48F3-9254-C39DDD12D6B3}.Release|Any CPU.ActiveCfg = Release|Any CPU
		{14C666D8-6F6B-48F3-9254-C39DDD12D6B3}.Release|Any CPU.Build.0 = Release|Any CPU
		{44AE6F11-CF1F-41C2-8520-05BB8EB89DC9}.Debug|Any CPU.ActiveCfg = Debug|Any CPU
		{44AE6F11-CF1F-41C2-8520-05BB8EB89DC9}.Debug|Any CPU.Build.0 = Debug|Any CPU
		{44AE6F11-CF1F-41C2-8520-05BB8EB89DC9}.Release|Any CPU.ActiveCfg = Release|Any CPU
		{44AE6F11-CF1F-41C2-8520-05BB8EB89DC9}.Release|Any CPU.Build.0 = Release|Any CPU
		{C04C4915-946C-436A-9B45-2AD48DF8B2E5}.Debug|Any CPU.ActiveCfg = Debug|Any CPU
		{C04C4915-946C-436A-9B45-2AD48DF8B2E5}.Debug|Any CPU.Build.0 = Debug|Any CPU
		{C04C4915-946C-436A-9B45-2AD48DF8B2E5}.Release|Any CPU.ActiveCfg = Release|Any CPU
		{C04C4915-946C-436A-9B45-2AD48DF8B2E5}.Release|Any CPU.Build.0 = Release|Any CPU
		{317022BC-CE5B-46D1-966C-2973C18F169F}.Debug|Any CPU.ActiveCfg = Debug|Any CPU
		{317022BC-CE5B-46D1-966C-2973C18F169F}.Debug|Any CPU.Build.0 = Debug|Any CPU
		{317022BC-CE5B-46D1-966C-2973C18F169F}.Release|Any CPU.ActiveCfg = Release|Any CPU
		{317022BC-CE5B-46D1-966C-2973C18F169F}.Release|Any CPU.Build.0 = Release|Any CPU
		{B09468CE-3A81-45FB-9C17-87B79184C894}.Debug|Any CPU.ActiveCfg = Debug|Any CPU
		{B09468CE-3A81-45FB-9C17-87B79184C894}.Debug|Any CPU.Build.0 = Debug|Any CPU
		{B09468CE-3A81-45FB-9C17-87B79184C894}.Release|Any CPU.ActiveCfg = Release|Any CPU
		{B09468CE-3A81-45FB-9C17-87B79184C894}.Release|Any CPU.Build.0 = Release|Any CPU
		{AE81C74E-B69B-495E-B204-0FB1D3FDCBD5}.Debug|Any CPU.ActiveCfg = Debug|Any CPU
		{AE81C74E-B69B-495E-B204-0FB1D3FDCBD5}.Debug|Any CPU.Build.0 = Debug|Any CPU
		{AE81C74E-B69B-495E-B204-0FB1D3FDCBD5}.Release|Any CPU.ActiveCfg = Release|Any CPU
		{AE81C74E-B69B-495E-B204-0FB1D3FDCBD5}.Release|Any CPU.Build.0 = Release|Any CPU
		{D8A3C591-6F8F-435C-B926-59449DEEF403}.Debug|Any CPU.ActiveCfg = Debug|Any CPU
		{D8A3C591-6F8F-435C-B926-59449DEEF403}.Debug|Any CPU.Build.0 = Debug|Any CPU
		{D8A3C591-6F8F-435C-B926-59449DEEF403}.Release|Any CPU.ActiveCfg = Release|Any CPU
		{D8A3C591-6F8F-435C-B926-59449DEEF403}.Release|Any CPU.Build.0 = Release|Any CPU
		{A66E6D4F-30A0-49AB-87FF-A5987508782C}.Debug|Any CPU.ActiveCfg = Debug|Any CPU
		{A66E6D4F-30A0-49AB-87FF-A5987508782C}.Debug|Any CPU.Build.0 = Debug|Any CPU
		{A66E6D4F-30A0-49AB-87FF-A5987508782C}.Release|Any CPU.ActiveCfg = Release|Any CPU
		{A66E6D4F-30A0-49AB-87FF-A5987508782C}.Release|Any CPU.Build.0 = Release|Any CPU
	EndGlobalSection
	GlobalSection(SolutionProperties) = preSolution
		HideSolutionNode = FALSE
	EndGlobalSection
	GlobalSection(ExtensibilityGlobals) = postSolution
		SolutionGuid = {7D128C0E-8D5F-44B9-BA85-753C843C5BC3}
	EndGlobalSection
EndGlobal
