
Microsoft Visual Studio Solution File, Format Version 12.00
# Visual Studio Version 17
VisualStudioVersion = 17.8.34330.188
MinimumVisualStudioVersion = 10.0.40219.1
Project("{FAE04EC0-301F-11D3-BF4B-00C04F79EFBC}") = "HelloWorld", "HelloWorld\HelloWorld.csproj", "{A6212DB3-2CC9-490A-8189-8589BAC48E27}"
EndProject
Project("{FAE04EC0-301F-11D3-BF4B-00C04F79EFBC}") = "Summation of Two Numbers", "..\Summation of Two Numbers\Summation of Two Numbers.csproj", "{1372BC1D-6132-4EC4-8789-08CAF7FD3E39}"
EndProject
Project("{FAE04EC0-301F-11D3-BF4B-00C04F79EFBC}") = "Multiplication of Two Number", "Multiplication of Two Number\Multiplication of Two Number.csproj", "{520B2FE5-CFF4-4CD4-B433-BA7F256A7199}"
EndProject
Project("{FAE04EC0-301F-11D3-BF4B-00C04F79EFBC}") = "Multiplicatin and Division", "..\Multiplicatin and Division\Multiplicatin and Division.csproj", "{E4A48199-B71C-4D16-975E-4569DDD46AA9}"
EndProject
Project("{FAE04EC0-301F-11D3-BF4B-00C04F79EFBC}") = "Data Types", "..\Data Types\Data Types.csproj", "{27F9C5E7-3EEA-4F62-82D5-A9C06664811E}"
EndProject
Project("{FAE04EC0-301F-11D3-BF4B-00C04F79EFBC}") = "Float Data Types", "..\Float Data Types\Float Data Types.csproj", "{22A3E3B5-F047-45B6-867C-E4FF50774605}"
EndProject
Project("{FAE04EC0-301F-11D3-BF4B-00C04F79EFBC}") = "Double Data Type", "..\Double Data Type\Double Data Type.csproj", "{FEF7FB05-5CC1-46A9-BF0C-3F3E700C1C12}"
EndProject
Project("{FAE04EC0-301F-11D3-BF4B-00C04F79EFBC}") = "Variables", "..\Variables\Variables.csproj", "{6F2E5ACA-38C7-4939-A9D2-51F706BD2C25}"
EndProject
Project("{FAE04EC0-301F-11D3-BF4B-00C04F79EFBC}") = "Decisions", "..\Decisions\Decisions.csproj", "{98B514EC-33A0-45C1-AA1A-9AF190FAF7E0}"
EndProject
Global
	GlobalSection(SolutionConfigurationPlatforms) = preSolution
		Debug|Any CPU = Debug|Any CPU
		Release|Any CPU = Release|Any CPU
	EndGlobalSection
	GlobalSection(ProjectConfigurationPlatforms) = postSolution
		{A6212DB3-2CC9-490A-8189-8589BAC48E27}.Debug|Any CPU.ActiveCfg = Debug|Any CPU
		{A6212DB3-2CC9-490A-8189-8589BAC48E27}.Debug|Any CPU.Build.0 = Debug|Any CPU
		{A6212DB3-2CC9-490A-8189-8589BAC48E27}.Release|Any CPU.ActiveCfg = Release|Any CPU
		{A6212DB3-2CC9-490A-8189-8589BAC48E27}.Release|Any CPU.Build.0 = Release|Any CPU
		{1372BC1D-6132-4EC4-8789-08CAF7FD3E39}.Debug|Any CPU.ActiveCfg = Debug|Any CPU
		{1372BC1D-6132-4EC4-8789-08CAF7FD3E39}.Debug|Any CPU.Build.0 = Debug|Any CPU
		{1372BC1D-6132-4EC4-8789-08CAF7FD3E39}.Release|Any CPU.ActiveCfg = Release|Any CPU
		{1372BC1D-6132-4EC4-8789-08CAF7FD3E39}.Release|Any CPU.Build.0 = Release|Any CPU
		{520B2FE5-CFF4-4CD4-B433-BA7F256A7199}.Debug|Any CPU.ActiveCfg = Debug|Any CPU
		{520B2FE5-CFF4-4CD4-B433-BA7F256A7199}.Debug|Any CPU.Build.0 = Debug|Any CPU
		{520B2FE5-CFF4-4CD4-B433-BA7F256A7199}.Release|Any CPU.ActiveCfg = Release|Any CPU
		{520B2FE5-CFF4-4CD4-B433-BA7F256A7199}.Release|Any CPU.Build.0 = Release|Any CPU
		{E4A48199-B71C-4D16-975E-4569DDD46AA9}.Debug|Any CPU.ActiveCfg = Debug|Any CPU
		{E4A48199-B71C-4D16-975E-4569DDD46AA9}.Debug|Any CPU.Build.0 = Debug|Any CPU
		{E4A48199-B71C-4D16-975E-4569DDD46AA9}.Release|Any CPU.ActiveCfg = Release|Any CPU
		{E4A48199-B71C-4D16-975E-4569DDD46AA9}.Release|Any CPU.Build.0 = Release|Any CPU
		{27F9C5E7-3EEA-4F62-82D5-A9C06664811E}.Debug|Any CPU.ActiveCfg = Debug|Any CPU
		{27F9C5E7-3EEA-4F62-82D5-A9C06664811E}.Debug|Any CPU.Build.0 = Debug|Any CPU
		{27F9C5E7-3EEA-4F62-82D5-A9C06664811E}.Release|Any CPU.ActiveCfg = Release|Any CPU
		{27F9C5E7-3EEA-4F62-82D5-A9C06664811E}.Release|Any CPU.Build.0 = Release|Any CPU
		{22A3E3B5-F047-45B6-867C-E4FF50774605}.Debug|Any CPU.ActiveCfg = Debug|Any CPU
		{22A3E3B5-F047-45B6-867C-E4FF50774605}.Debug|Any CPU.Build.0 = Debug|Any CPU
		{22A3E3B5-F047-45B6-867C-E4FF50774605}.Release|Any CPU.ActiveCfg = Release|Any CPU
		{22A3E3B5-F047-45B6-867C-E4FF50774605}.Release|Any CPU.Build.0 = Release|Any CPU
		{FEF7FB05-5CC1-46A9-BF0C-3F3E700C1C12}.Debug|Any CPU.ActiveCfg = Debug|Any CPU
		{FEF7FB05-5CC1-46A9-BF0C-3F3E700C1C12}.Debug|Any CPU.Build.0 = Debug|Any CPU
		{FEF7FB05-5CC1-46A9-BF0C-3F3E700C1C12}.Release|Any CPU.ActiveCfg = Release|Any CPU
		{FEF7FB05-5CC1-46A9-BF0C-3F3E700C1C12}.Release|Any CPU.Build.0 = Release|Any CPU
		{6F2E5ACA-38C7-4939-A9D2-51F706BD2C25}.Debug|Any CPU.ActiveCfg = Debug|Any CPU
		{6F2E5ACA-38C7-4939-A9D2-51F706BD2C25}.Debug|Any CPU.Build.0 = Debug|Any CPU
		{6F2E5ACA-38C7-4939-A9D2-51F706BD2C25}.Release|Any CPU.ActiveCfg = Release|Any CPU
		{6F2E5ACA-38C7-4939-A9D2-51F706BD2C25}.Release|Any CPU.Build.0 = Release|Any CPU
		{98B514EC-33A0-45C1-AA1A-9AF190FAF7E0}.Debug|Any CPU.ActiveCfg = Debug|Any CPU
		{98B514EC-33A0-45C1-AA1A-9AF190FAF7E0}.Debug|Any CPU.Build.0 = Debug|Any CPU
		{98B514EC-33A0-45C1-AA1A-9AF190FAF7E0}.Release|Any CPU.ActiveCfg = Release|Any CPU
		{98B514EC-33A0-45C1-AA1A-9AF190FAF7E0}.Release|Any CPU.Build.0 = Release|Any CPU
	EndGlobalSection
	GlobalSection(SolutionProperties) = preSolution
		HideSolutionNode = FALSE
	EndGlobalSection
	GlobalSection(ExtensibilityGlobals) = postSolution
		SolutionGuid = {7D128C0E-8D5F-44B9-BA85-753C843C5BC3}
	EndGlobalSection
EndGlobal
